
Microsoft Visual Studio Solution File, Format Version 12.00
# Visual Studio 15
VisualStudioVersion = 15.0.27703.2035
MinimumVisualStudioVersion = 10.0.40219.1
Project("{2150E333-8FDC-42A3-9474-1A3956D46DE8}") = "0 - Presentation", "0 - Presentation", "{69D6B5B8-34FD-47C1-BBE9-CE4663D460FA}"
EndProject
Project("{2150E333-8FDC-42A3-9474-1A3956D46DE8}") = "1 - Service", "1 - Service", "{6994CEEE-8C28-4B22-AB82-74B0374E1AC9}"
EndProject
Project("{2150E333-8FDC-42A3-9474-1A3956D46DE8}") = "2 - Application", "2 - Application", "{58E22D25-C33B-4184-9CCD-5C439C43D3B7}"
EndProject
Project("{2150E333-8FDC-42A3-9474-1A3956D46DE8}") = "3 - Domain", "3 - Domain", "{77FF9541-5A5A-4B52-B4C5-7F113C4C9008}"
EndProject
Project("{2150E333-8FDC-42A3-9474-1A3956D46DE8}") = "4 - Infra", "4 - Infra", "{3D1E5003-27C6-4980-9317-0AFFDA9AC645}"
EndProject
Project("{2150E333-8FDC-42A3-9474-1A3956D46DE8}") = "4.1 - Data", "4.1 - Data", "{BD67217C-12BE-4C51-99F6-F86B07CBFA26}"
EndProject
Project("{2150E333-8FDC-42A3-9474-1A3956D46DE8}") = "4.2 - CrossCutting", "4.2 - CrossCutting", "{9CF8BBE2-B5AE-431F-BB05-708F32FA8D8E}"
EndProject
Project("{9A19103F-16F7-4668-BE54-9A1E7A4F7556}") = "ProjetoSaudeVacina.Domain", "ProjetoSaudeVacina.Domain\ProjetoSaudeVacina.Domain.csproj", "{2BC5DFAB-6637-4A94-AFF3-E61C2E45A1F9}"
EndProject
Project("{9A19103F-16F7-4668-BE54-9A1E7A4F7556}") = "ProjetoSaudeVacina.Infra.Data", "ProjetoSaudeVacina.Infra.Data\ProjetoSaudeVacina.Infra.Data.csproj", "{90BF8E5D-7C8C-4FFE-995A-71302A329B1A}"
EndProject
Project("{9A19103F-16F7-4668-BE54-9A1E7A4F7556}") = "ProjetoSaudeVacina.API", "ProjetoSaudeVacina.API\ProjetoSaudeVacina.API.csproj", "{AB90DDFC-D0EC-4686-8C14-7718CB593B57}"
EndProject
Project("{9A19103F-16F7-4668-BE54-9A1E7A4F7556}") = "ProjetoSaudeVacina.MVC", "ProjetoSaudeVacina.MVC\ProjetoSaudeVacina.MVC.csproj", "{1263FE2A-109C-4321-BAC8-156F111ADE52}"
EndProject
Project("{FAE04EC0-301F-11D3-BF4B-00C04F79EFBC}") = "ProjetoSaudeVacina.Application", "ProjetoSaudeVacina.Application\ProjetoSaudeVacina.Application.csproj", "{E8F2EE6D-B103-4EF7-B1EE-97A68E2FC39F}"
EndProject
Global
	GlobalSection(SolutionConfigurationPlatforms) = preSolution
		Debug|Any CPU = Debug|Any CPU
		Release|Any CPU = Release|Any CPU
	EndGlobalSection
	GlobalSection(ProjectConfigurationPlatforms) = postSolution
		{2BC5DFAB-6637-4A94-AFF3-E61C2E45A1F9}.Debug|Any CPU.ActiveCfg = Debug|Any CPU
		{2BC5DFAB-6637-4A94-AFF3-E61C2E45A1F9}.Debug|Any CPU.Build.0 = Debug|Any CPU
		{2BC5DFAB-6637-4A94-AFF3-E61C2E45A1F9}.Release|Any CPU.ActiveCfg = Release|Any CPU
		{2BC5DFAB-6637-4A94-AFF3-E61C2E45A1F9}.Release|Any CPU.Build.0 = Release|Any CPU
		{90BF8E5D-7C8C-4FFE-995A-71302A329B1A}.Debug|Any CPU.ActiveCfg = Debug|Any CPU
		{90BF8E5D-7C8C-4FFE-995A-71302A329B1A}.Debug|Any CPU.Build.0 = Debug|Any CPU
		{90BF8E5D-7C8C-4FFE-995A-71302A329B1A}.Release|Any CPU.ActiveCfg = Release|Any CPU
		{90BF8E5D-7C8C-4FFE-995A-71302A329B1A}.Release|Any CPU.Build.0 = Release|Any CPU
		{AB90DDFC-D0EC-4686-8C14-7718CB593B57}.Debug|Any CPU.ActiveCfg = Debug|Any CPU
		{AB90DDFC-D0EC-4686-8C14-7718CB593B57}.Debug|Any CPU.Build.0 = Debug|Any CPU
		{AB90DDFC-D0EC-4686-8C14-7718CB593B57}.Release|Any CPU.ActiveCfg = Release|Any CPU
		{AB90DDFC-D0EC-4686-8C14-7718CB593B57}.Release|Any CPU.Build.0 = Release|Any CPU
		{1263FE2A-109C-4321-BAC8-156F111ADE52}.Debug|Any CPU.ActiveCfg = Debug|Any CPU
		{1263FE2A-109C-4321-BAC8-156F111ADE52}.Debug|Any CPU.Build.0 = Debug|Any CPU
		{1263FE2A-109C-4321-BAC8-156F111ADE52}.Release|Any CPU.ActiveCfg = Release|Any CPU
		{1263FE2A-109C-4321-BAC8-156F111ADE52}.Release|Any CPU.Build.0 = Release|Any CPU
		{E8F2EE6D-B103-4EF7-B1EE-97A68E2FC39F}.Debug|Any CPU.ActiveCfg = Debug|Any CPU
		{E8F2EE6D-B103-4EF7-B1EE-97A68E2FC39F}.Debug|Any CPU.Build.0 = Debug|Any CPU
		{E8F2EE6D-B103-4EF7-B1EE-97A68E2FC39F}.Release|Any CPU.ActiveCfg = Release|Any CPU
		{E8F2EE6D-B103-4EF7-B1EE-97A68E2FC39F}.Release|Any CPU.Build.0 = Release|Any CPU
	EndGlobalSection
	GlobalSection(SolutionProperties) = preSolution
		HideSolutionNode = FALSE
	EndGlobalSection
	GlobalSection(NestedProjects) = preSolution
		{BD67217C-12BE-4C51-99F6-F86B07CBFA26} = {3D1E5003-27C6-4980-9317-0AFFDA9AC645}
		{9CF8BBE2-B5AE-431F-BB05-708F32FA8D8E} = {3D1E5003-27C6-4980-9317-0AFFDA9AC645}
		{2BC5DFAB-6637-4A94-AFF3-E61C2E45A1F9} = {77FF9541-5A5A-4B52-B4C5-7F113C4C9008}
		{90BF8E5D-7C8C-4FFE-995A-71302A329B1A} = {BD67217C-12BE-4C51-99F6-F86B07CBFA26}
		{AB90DDFC-D0EC-4686-8C14-7718CB593B57} = {6994CEEE-8C28-4B22-AB82-74B0374E1AC9}
		{1263FE2A-109C-4321-BAC8-156F111ADE52} = {69D6B5B8-34FD-47C1-BBE9-CE4663D460FA}
		{E8F2EE6D-B103-4EF7-B1EE-97A68E2FC39F} = {58E22D25-C33B-4184-9CCD-5C439C43D3B7}
	EndGlobalSection
	GlobalSection(ExtensibilityGlobals) = postSolution
		SolutionGuid = {FBAF8F83-9BAE-4C4E-B16E-E02B5540571D}
	EndGlobalSection
EndGlobal
